# gimp-retouch-plugins bundle lock. Fields are separated by |  (lines starting with # are comments)
# id | gimp | version | kind | source | sha256-or-commit | license | notes
# kind: ours=copy from this repo; deb=apt install a .deb; git-meson=git clone + checkout commit + meson build;
#       zip=release zip; rawfile=single file at a commit; flatpak=Flathub ref pinned to an OSTree commit;
#       icu-wrapper=generated wrapper + ICU libs copied from a pinned flatpak runtime commit; config=config overlay (opt-in)
fsep_oneclick      |3.0,3.2|repo   |ours      |fsep_oneclick/fsep_oneclick.py|-|MIT|python-fu-fsep-oneclick
dnb_setup          |3.0,3.2|repo   |ours      |dnb_setup/dnb_setup.py|-|MIT|python-fu-dnb-setup
batch_export       |3.0,3.2|repo   |ours      |batch_export/batch_export.py|-|MIT|python-fu-batch-export (+cli_run.py)
gmic-qt            |3.0    |4.0.5  |deb       |https://gmic.eu/get_file.php?file=linux/gmic_4.0.5_debian13_trixie_amd64.deb|c69650ac3c828718a13e84fa93afa22f89db5c55d04b19749d27a1726581d714|CECILL-2.1 (G'MIC) / GPL-3.0 (G'MIC-Qt)|Debian 13 trixie amd64 only
resynthesizer      |3.0    |3.0    |git-meson |https://github.com/bootchk/resynthesizer.git|3846f799b25362efd877c9d9032a29318ab81aaa|GPL-3.0|tag v3.0; NOT v3.0.1 (needs script-fu-register-i18n, 3.2 only)
batcher            |3.0,3.2|1.2.10 |zip       |https://github.com/kamilburda/batcher/releases/download/1.2.10/batcher-1.2.10.zip|328ade5b026f4140981edd975f0cf830c3812d5c84dc2534cb55d68c1d1894b7|BSD-3-Clause|
adjustment-layer   |3.0,3.2|cc07757|rawfile   |https://raw.githubusercontent.com/bunnywaffle/adjustment-layer/cc07757c05dade6b0aa2cb8e7356efd9e08f8cdf/adjustment-layer.py|5fa33102415b7bcc05f1e45cd7a0335d54c6f4e663db1bec27942bd5f76de7aa|GPL-3.0|no releases; pinned by commit + file sha256
gmic-qt-flatpak    |3.2    |4.0.5  |flatpak   |flathub:runtime/org.gimp.GIMP.Plugin.GMic/x86_64/3|15f4bea6be7c22672b896d373ec9920e4e576b11b70c37025a81ec668325d692|CECILL-2.1 / GPL-3.0|links ICU 77 -> needs gmic_qt_icu77 wrapper on GNOME 51
icu77-runtime      |3.2    |25.08.17|flatpak  |flathub:runtime/org.freedesktop.Platform/x86_64/25.08|d27f7a6a974e40b061070bec1be9e1b52a7a6872b271e6a45c2c34a48bf6fedf|MIT (+ICU license)|source of libicu*.so.77 for the wrapper
gmic_qt_icu77      |3.2    |1      |icu-wrapper|generated by install.sh|-|-|user plug-in wrapper exec'ing /app/extensions/GMic/.../gmic_gimp_qt with ICU 77
resynthesizer-flatpak|3.2  |3.0.1  |flatpak   |flathub:runtime/org.gimp.GIMP.Plugin.Resynthesizer/x86_64/3|f14825c757b92fd0b58cdf8ae98b4e970876152d5540aff71fe290e5c107f864|GPL-3.0|
photogimp          |3.0,3.2|eca3a8f|config    |https://github.com/Diolinux/PhotoGIMP/archive/eca3a8f57b9944c063d043ce7c07524107b5292d.tar.gz|beab281ed1281219bb0b994df4e66e8ff107e54dad943644d077205a325c7d99|GPL-3.0|OPT-IN only (--with-photogimp): overlays the profile; GitHub archive sha may drift
rawtherapee        |host   |5.11-2+b2|apt     |debian trixie: rawtherapee=5.11-2+b2 rawtherapee-data=5.11-2|edb789c6faf8d76bda89c457d0b83bbc718f1418b7db9ff6c005fea3486d3967|GPL-3.0|OPT-IN (--with-raw); sha256 = rawtherapee_5.11-2+b2_amd64.deb (data: 666944e0cd565b95ea301bbd01550d2e30ff89bafac533a69b203d86f3ef991e); used via rawtherapee-cli (raw_to_tiff/raw2tiff.sh)
# NOT pinnable / not installed:
#  chuckhenrich frequency-separation-group-v3, dodge-and-burn-soft-light-v3: https://chuckhenrich.com/downloads/*.zip
#    (TLS handshake fails from this box; no checksums known; no archived copy). Install manually.
